
Microsoft Visual Studio Solution File, Format Version 12.00
# Visual Studio Version 17
VisualStudioVersion = 17.13.35913.81 d17.13
MinimumVisualStudioVersion = 10.0.40219.1
Project("{FAE04EC0-301F-11D3-BF4B-00C04F79EFBC}") = "DeeBeersProject", "DeeBeersProject.csproj", "{46687C3C-2911-4BE4-8531-79D21DFD1143}"
EndProject
Global
	GlobalSection(SolutionConfigurationPlatforms) = preSolution
		Debug|Any CPU = Debug|Any CPU
		Release|Any CPU = Release|Any CPU
	EndGlobalSection
	GlobalSection(ProjectConfigurationPlatforms) = postSolution
		{46687C3C-2911-4BE4-8531-79D21DFD1143}.Debug|Any CPU.ActiveCfg = Debug|Any CPU
		{46687C3C-2911-4BE4-8531-79D21DFD1143}.Debug|Any CPU.Build.0 = Debug|Any CPU
		{46687C3C-2911-4BE4-8531-79D21DFD1143}.Release|Any CPU.ActiveCfg = Release|Any CPU
		{46687C3C-2911-4BE4-8531-79D21DFD1143}.Release|Any CPU.Build.0 = Release|Any CPU
	EndGlobalSection
	GlobalSection(SolutionProperties) = preSolution
		HideSolutionNode = FALSE
	EndGlobalSection
	GlobalSection(ExtensibilityGlobals) = postSolution
		SolutionGuid = {B0CB4CDF-5DBD-4236-A0E0-08EE71F79F79}
	EndGlobalSection
EndGlobal
